
Microsoft Visual Studio Solution File, Format Version 12.00
# Visual Studio 14
VisualStudioVersion = 14.0.25420.1
MinimumVisualStudioVersion = 10.0.40219.1
Project("{8BC9CEB8-8B4A-11D0-8D11-00A0C91BC942}") = "MonsterChase", "MonsterChase\MonsterChase.vcxproj", "{2D1396E1-7F92-41B7-8646-E71729E7C9C5}"
	ProjectSection(ProjectDependencies) = postProject
		{6F9CC28A-C283-4393-A3B6-198BBF39A942} = {6F9CC28A-C283-4393-A3B6-198BBF39A942}
	EndProjectSection
EndProject
Project("{8BC9CEB8-8B4A-11D0-8D11-00A0C91BC942}") = "Engine", "Engine\Engine.vcxproj", "{6F9CC28A-C283-4393-A3B6-198BBF39A942}"
EndProject
Global
	GlobalSection(SolutionConfigurationPlatforms) = preSolution
		Debug|x64 = Debug|x64
		Debug|x86 = Debug|x86
		Release|x64 = Release|x64
		Release|x86 = Release|x86
	EndGlobalSection
	GlobalSection(ProjectConfigurationPlatforms) = postSolution
		{2D1396E1-7F92-41B7-8646-E71729E7C9C5}.Debug|x64.ActiveCfg = Debug|x64
		{2D1396E1-7F92-41B7-8646-E71729E7C9C5}.Debug|x64.Build.0 = Debug|x64
		{2D1396E1-7F92-41B7-8646-E71729E7C9C5}.Debug|x86.ActiveCfg = Debug|Win32
		{2D1396E1-7F92-41B7-8646-E71729E7C9C5}.Debug|x86.Build.0 = Debug|Win32
		{2D1396E1-7F92-41B7-8646-E71729E7C9C5}.Release|x64.ActiveCfg = Release|x64
		{2D1396E1-7F92-41B7-8646-E71729E7C9C5}.Release|x64.Build.0 = Release|x64
		{2D1396E1-7F92-41B7-8646-E71729E7C9C5}.Release|x86.ActiveCfg = Release|Win32
		{2D1396E1-7F92-41B7-8646-E71729E7C9C5}.Release|x86.Build.0 = Release|Win32
		{6F9CC28A-C283-4393-A3B6-198BBF39A942}.Debug|x64.ActiveCfg = Debug|x64
		{6F9CC28A-C283-4393-A3B6-198BBF39A942}.Debug|x64.Build.0 = Debug|x64
		{6F9CC28A-C283-4393-A3B6-198BBF39A942}.Debug|x86.ActiveCfg = Debug|Win32
		{6F9CC28A-C283-4393-A3B6-198BBF39A942}.Debug|x86.Build.0 = Debug|Win32
		{6F9CC28A-C283-4393-A3B6-198BBF39A942}.Release|x64.ActiveCfg = Release|x64
		{6F9CC28A-C283-4393-A3B6-198BBF39A942}.Release|x64.Build.0 = Release|x64
		{6F9CC28A-C283-4393-A3B6-198BBF39A942}.Release|x86.ActiveCfg = Release|Win32
		{6F9CC28A-C283-4393-A3B6-198BBF39A942}.Release|x86.Build.0 = Release|Win32
	EndGlobalSection
	GlobalSection(SolutionProperties) = preSolution
		HideSolutionNode = FALSE
	EndGlobalSection
EndGlobal
